
Microsoft Visual Studio Solution File, Format Version 12.00
# Visual Studio Version 16
VisualStudioVersion = 16.0.30225.117
MinimumVisualStudioVersion = 10.0.40219.1
Project("{FAE04EC0-301F-11D3-BF4B-00C04F79EFBC}") = "sapitalk", "sapitalk\sapitalk.csproj", "{7F21FAE3-9F6A-4725-90C7-01F6D47A8F5A}"
EndProject
Project("{FAE04EC0-301F-11D3-BF4B-00C04F79EFBC}") = "spitalkDLL", "spitalkDLL\spitalkDLL.csproj", "{1EAAE211-F126-4D41-B4F2-6F7F7C86F0AF}"
EndProject
Project("{FAE04EC0-301F-11D3-BF4B-00C04F79EFBC}") = "SampleCode", "SampleCode\SampleCode.csproj", "{08765EF1-AA6E-4286-A0FD-55E5CBC86492}"
EndProject
Global
	GlobalSection(SolutionConfigurationPlatforms) = preSolution
		Debug|Any CPU = Debug|Any CPU
		Release|Any CPU = Release|Any CPU
	EndGlobalSection
	GlobalSection(ProjectConfigurationPlatforms) = postSolution
		{7F21FAE3-9F6A-4725-90C7-01F6D47A8F5A}.Debug|Any CPU.ActiveCfg = Debug|Any CPU
		{7F21FAE3-9F6A-4725-90C7-01F6D47A8F5A}.Debug|Any CPU.Build.0 = Debug|Any CPU
		{7F21FAE3-9F6A-4725-90C7-01F6D47A8F5A}.Release|Any CPU.ActiveCfg = Release|Any CPU
		{7F21FAE3-9F6A-4725-90C7-01F6D47A8F5A}.Release|Any CPU.Build.0 = Release|Any CPU
		{1EAAE211-F126-4D41-B4F2-6F7F7C86F0AF}.Debug|Any CPU.ActiveCfg = Debug|Any CPU
		{1EAAE211-F126-4D41-B4F2-6F7F7C86F0AF}.Debug|Any CPU.Build.0 = Debug|Any CPU
		{1EAAE211-F126-4D41-B4F2-6F7F7C86F0AF}.Release|Any CPU.ActiveCfg = Release|Any CPU
		{1EAAE211-F126-4D41-B4F2-6F7F7C86F0AF}.Release|Any CPU.Build.0 = Release|Any CPU
		{08765EF1-AA6E-4286-A0FD-55E5CBC86492}.Debug|Any CPU.ActiveCfg = Debug|Any CPU
		{08765EF1-AA6E-4286-A0FD-55E5CBC86492}.Debug|Any CPU.Build.0 = Debug|Any CPU
		{08765EF1-AA6E-4286-A0FD-55E5CBC86492}.Release|Any CPU.ActiveCfg = Release|Any CPU
		{08765EF1-AA6E-4286-A0FD-55E5CBC86492}.Release|Any CPU.Build.0 = Release|Any CPU
	EndGlobalSection
	GlobalSection(SolutionProperties) = preSolution
		HideSolutionNode = FALSE
	EndGlobalSection
	GlobalSection(ExtensibilityGlobals) = postSolution
		SolutionGuid = {60BEA200-17E8-4CA4-9260-573F3D9B53A6}
	EndGlobalSection
EndGlobal
